<?xml version="1.0" encoding="UTF-8" standalone="yes" ?>
<CodeBlocks_project_file>
	<FileVersion major="1" minor="6" />
	<Project>
		<Option title="map_editor" />
		<Option pch_mode="2" />
		<Option compiler="gcc" />
		<Build>
			<Target title="Debug">
				<Option output="bin/Debug/map_editor" prefix_auto="1" extension_auto="1" />
				<Option object_output="obj/Debug/" />
				<Option type="1" />
				<Option compiler="gcc" />
				<Compiler>
					<Add option="-g" />
				</Compiler>
			</Target>
			<Target title="Release">
				<Option output="bin/Release/map_editor" prefix_auto="1" extension_auto="1" />
				<Option object_output="obj/Release/" />
				<Option type="0" />
				<Option compiler="gcc" />
				<Compiler>
					<Add option="-O2" />
				</Compiler>
				<Linker>
					<Add option="-s" />
					<Add option="-lcomdlg32 -lole32" />
				</Linker>
			</Target>
		</Build>
		<Compiler>
			<Add option="-Wall" />
			<Add directory="C:/MinGW/include" />
		</Compiler>
		<Linker>
			<Add library="mingw32" />
			<Add library="SDLmain" />
			<Add library="SDL" />
			<Add library="user32" />
			<Add library="gdi32" />
			<Add library="winmm" />
			<Add library="dxguid" />
			<Add directory="C:/MinGW/lib" />
		</Linker>
		<Unit filename="../morstairs/map/map.c">
			<Option compilerVar="CC" />
		</Unit>
		<Unit filename="../morstairs/map/map.h" />
		<Unit filename="../morstairs/text/text.c">
			<Option compilerVar="CC" />
		</Unit>
		<Unit filename="../morstairs/text/text.h" />
		<Unit filename="data/animated.ani" />
		<Unit filename="data/colliders.col" />
		<Unit filename="data/dummy.file" />
		<Unit filename="data/font.bmp" />
		<Unit filename="data/map.map" />
		<Unit filename="data/ultima.bmp" />
		<Unit filename="event_editor.c">
			<Option compilerVar="CC" />
		</Unit>
		<Unit filename="event_editor.h" />
		<Unit filename="main.c">
			<Option compilerVar="CC" />
		</Unit>
		<Unit filename="main.h" />
		<Unit filename="map/map_editor.c">
			<Option compilerVar="CC" />
		</Unit>
		<Unit filename="map/map_editor.h" />
		<Unit filename="tinyfiledialogs/tinyfiledialogs.c">
			<Option compilerVar="CC" />
		</Unit>
		<Unit filename="tinyfiledialogs/tinyfiledialogs.h" />
		<Extensions>
			<code_completion />
			<envvars />
			<debugger />
		</Extensions>
	</Project>
</CodeBlocks_project_file>
